<?xml version="1.0" encoding="utf-8"?>
<Project ToolsVersion="4.0" xmlns="http://schemas.microsoft.com/developer/msbuild/2003">
  <ItemGroup>
    <Filter Include="Source Files">
      <UniqueIdentifier>{4FC737F1-C7A5-4376-A066-2A32D752A2FF}</UniqueIdentifier>
      <Extensions>cpp;c;cc;cxx;def;odl;idl;hpj;bat;asm;asmx</Extensions>
    </Filter>
    <Filter Include="Header Files">
      <UniqueIdentifier>{93995380-89BD-4b04-88EB-625FBE52EBFB}</UniqueIdentifier>
      <Extensions>h;hh;hpp;hxx;hm;inl;inc;ipp;xsd</Extensions>
    </Filter>
    <Filter Include="Resource Files">
      <UniqueIdentifier>{67DA6AB6-F800-4c08-8B7A-83BB121AAD01}</UniqueIdentifier>
      <Extensions>rc;ico;cur;bmp;dlg;rc2;rct;bin;rgs;gif;jpg;jpeg;jpe;resx;tiff;tif;png;wav;mfcribbon-ms</Extensions>
    </Filter>
  </ItemGroup>
  <ItemGroup>
    <None Include="cpp.hint" />
  </ItemGroup>
  <ItemGroup>
    <ClInclude Include="framework.h">
      <Filter>Header Files</Filter>
    </ClInclude>
    <ClInclude Include="hdf5pp.h">
      <Filter>Header Files</Filter>
    </ClInclude>
    <ClInclude Include="pch.h">
      <Filter>Header Files</Filter>
    </ClInclude>
    <ClInclude Include="hdf5pp_api.h">
      <Filter>Header Files</Filter>
    </ClInclude>
    <ClInclude Include="hdf5pp_handle.h">
      <Filter>Header Files</Filter>
    </ClInclude>
    <ClInclude Include="hdf5pp_location.h">
      <Filter>Header Files</Filter>
    </ClInclude>
    <ClInclude Include="hdf5pp_proplist.h">
      <Filter>Header Files</Filter>
    </ClInclude>
    <ClInclude Include="hdf5pp_file.h">
      <Filter>Header Files</Filter>
    </ClInclude>
    <ClInclude Include="hdf5pp_group.h">
      <Filter>Header Files</Filter>
    </ClInclude>
    <ClInclude Include="hdf5pp_object.h">
      <Filter>Header Files</Filter>
    </ClInclude>
    <ClInclude Include="hdf5pp_dset.h">
      <Filter>Header Files</Filter>
    </ClInclude>
    <ClInclude Include="hdf5pp_dspace.h">
      <Filter>Header Files</Filter>
    </ClInclude>
    <ClInclude Include="hdf5pp_dtype.h">
      <Filter>Header Files</Filter>
    </ClInclude>
    <ClInclude Include="hdf5pp_attrobj.h">
      <Filter>Header Files</Filter>
    </ClInclude>
    <ClInclude Include="hdf5pp_attribute.h">
      <Filter>Header Files</Filter>
    </ClInclude>
    <ClInclude Include="hdf5pp_library.h">
      <Filter>Header Files</Filter>
    </ClInclude>
    <ClInclude Include="hdf5pp_error.h">
      <Filter>Header Files</Filter>
    </ClInclude>
    <ClInclude Include="hdf5pp_custom.h">
      <Filter>Header Files</Filter>
    </ClInclude>
    <ClInclude Include="hdf5pp_dtypeof.h">
      <Filter>Header Files</Filter>
    </ClInclude>
  </ItemGroup>
  <ItemGroup>
    <ClCompile Include="hdf5pp.cpp">
      <Filter>Source Files</Filter>
    </ClCompile>
    <ClCompile Include="dllmain.cpp">
      <Filter>Source Files</Filter>
    </ClCompile>
    <ClCompile Include="pch.cpp">
      <Filter>Source Files</Filter>
    </ClCompile>
    <ClCompile Include="hdf5pp_handle.cpp">
      <Filter>Source Files</Filter>
    </ClCompile>
    <ClCompile Include="hdf5pp_location.cpp">
      <Filter>Source Files</Filter>
    </ClCompile>
    <ClCompile Include="hdf5pp_proplist.cpp">
      <Filter>Source Files</Filter>
    </ClCompile>
    <ClCompile Include="hdf5pp_file.cpp">
      <Filter>Source Files</Filter>
    </ClCompile>
    <ClCompile Include="hdf5pp_group.cpp">
      <Filter>Source Files</Filter>
    </ClCompile>
    <ClCompile Include="hdf5pp_object.cpp">
      <Filter>Source Files</Filter>
    </ClCompile>
    <ClCompile Include="hdf5pp_dset.cpp">
      <Filter>Source Files</Filter>
    </ClCompile>
    <ClCompile Include="hdf5pp_dspace.cpp">
      <Filter>Source Files</Filter>
    </ClCompile>
    <ClCompile Include="hdf5pp_dtype.cpp">
      <Filter>Source Files</Filter>
    </ClCompile>
    <ClCompile Include="hdf5pp_attrobj.cpp">
      <Filter>Source Files</Filter>
    </ClCompile>
    <ClCompile Include="hdf5pp_attribute.cpp">
      <Filter>Source Files</Filter>
    </ClCompile>
    <ClCompile Include="hdf5pp_library.cpp">
      <Filter>Source Files</Filter>
    </ClCompile>
    <ClCompile Include="hdf5pp_error.cpp">
      <Filter>Source Files</Filter>
    </ClCompile>
    <ClCompile Include="hdf5pp_custom.cpp">
      <Filter>Source Files</Filter>
    </ClCompile>
    <ClCompile Include="hdf5pp_dtypeof.cpp">
      <Filter>Source Files</Filter>
    </ClCompile>
  </ItemGroup>
</Project>